
Microsoft Visual Studio Solution File, Format Version 12.00
# Visual Studio 14
VisualStudioVersion = 14.0.23107.0
MinimumVisualStudioVersion = 10.0.40219.1
Project("{2150E333-8FDC-42A3-9474-1A3956D46DE8}") = "src", "src", "{9DCD59D4-1ECD-4A48-849C-F1CED848AB41}"
EndProject
Project("{2150E333-8FDC-42A3-9474-1A3956D46DE8}") = "Solution Items", "Solution Items", "{C76EBAE0-B447-4BB0-B507-62692A1D540A}"
	ProjectSection(SolutionItems) = preProject
		global.json = global.json
		NuGet.Config = NuGet.Config
	EndProjectSection
EndProject
Project("{8BB2217D-0F2D-49D1-97BC-3654ED321F3B}") = "HarryPotter", "src\HarryPotter\HarryPotter.xproj", "{B69A3920-77B2-45E8-A952-83AE0D6C5739}"
EndProject
Global
	GlobalSection(SolutionConfigurationPlatforms) = preSolution
		Debug|Any CPU = Debug|Any CPU
		Release|Any CPU = Release|Any CPU
	EndGlobalSection
	GlobalSection(ProjectConfigurationPlatforms) = postSolution
		{B69A3920-77B2-45E8-A952-83AE0D6C5739}.Debug|Any CPU.ActiveCfg = Debug|Any CPU
		{B69A3920-77B2-45E8-A952-83AE0D6C5739}.Debug|Any CPU.Build.0 = Debug|Any CPU
		{B69A3920-77B2-45E8-A952-83AE0D6C5739}.Release|Any CPU.ActiveCfg = Release|Any CPU
		{B69A3920-77B2-45E8-A952-83AE0D6C5739}.Release|Any CPU.Build.0 = Release|Any CPU
	EndGlobalSection
	GlobalSection(SolutionProperties) = preSolution
		HideSolutionNode = FALSE
	EndGlobalSection
	GlobalSection(NestedProjects) = preSolution
		{B69A3920-77B2-45E8-A952-83AE0D6C5739} = {9DCD59D4-1ECD-4A48-849C-F1CED848AB41}
	EndGlobalSection
EndGlobal
